#MicroXplorer Configuration settings - do not modify
Mcu.Family=STM32F1
ProjectManager.MainLocation=Src
RCC.MCOFreq_Value=48000000
USB_DEVICE.CLASS_NAME_FS=CDC
USART2.IPParameters=VirtualMode,VirtualClockMode,Prescaler
ProjectManager.KeepUserCode=true
Mcu.UserName=STM32F103C8Tx
PB10.Mode=Asynchronous
TIM1.IPParameters=Prescaler,Period,AutoReloadPreload
RCC.PLLCLKFreq_Value=48000000
PC13-TAMPER-RTC.GPIOParameters=GPIO_Label
ProjectManager.functionlistsort=1-MX_GPIO_Init-GPIO-false-HAL-true,2-SystemClock_Config-RCC-false-HAL-true,3-MX_USB_DEVICE_Init-USB_DEVICE-false-HAL-false,4-MX_USART2_SMARTCARD_Init-USART2-false-HAL-true,5-MX_TIM1_Init-TIM1-false-HAL-true,6-MX_USART1_SMARTCARD_Init-USART1-false-HAL-true,7-MX_USART3_UART_Init-USART3-false-HAL-true
PA9.GPIOParameters=GPIO_Label
PA11.Mode=Device
PA3.GPIOParameters=GPIO_Label
RCC.ADCFreqValue=24000000
SH.S_TIM1_CH1.ConfNb=1
USART1.IPParameters=VirtualMode
PB11.Signal=USART3_RX
PB13.Signal=USART3_CTS
PB15.Signal=GPXTI15
PA2.GPIOParameters=GPIO_Label
PinOutPanel.RotationAngle=0
RCC.SYSCLKSource=RCC_SYSCLKSOURCE_PLLCLK
ProjectManager.StackSize=0x400
PD1-OSC_OUT.Signal=RCC_OSC_OUT
Mcu.IP4=USART1
RCC.FCLKCortexFreq_Value=48000000
Mcu.IP5=USART2
NVIC.SVCall_IRQn=true\:5\:0\:true\:false\:true\:false\:false
Mcu.IP2=SYS
Mcu.IP3=TIM1
Mcu.IP0=NVIC
Mcu.IP1=RCC
PA12.Signal=USB_DP
NVIC.USB_HP_CAN1_TX_IRQn=true\:3\:0\:true\:false\:true\:true\:true
TIM1.Prescaler=1
Mcu.UserConstants=
PA4.Mode=SmartCard_With_Clock
Mcu.ThirdPartyNb=0
RCC.HCLKFreq_Value=48000000
Mcu.IPNb=9
ProjectManager.PreviousToolchain=
RCC.APB2TimFreq_Value=48000000
PA8.GPIOParameters=GPIO_Label
Mcu.Pin6=PA3
Mcu.Pin7=PA4
VP_TIM1_VS_ControllerModeClock.Signal=TIM1_VS_ControllerModeClock
Mcu.Pin8=PA5
Mcu.Pin9=PB10
RCC.AHBFreq_Value=48000000
PB13.Locked=true
Mcu.Pin0=PC13-TAMPER-RTC
Mcu.Pin1=PC14-OSC32_IN
GPIO.groupedBy=Group By Peripherals
Mcu.Pin2=PC15-OSC32_OUT
Mcu.Pin3=PD0-OSC_IN
Mcu.Pin4=PD1-OSC_OUT
NVIC.EXTI15_10_IRQn=true\:15\:0\:true\:false\:true\:true\:true
Mcu.Pin5=PA2
ProjectManager.ProjectBuild=false
NVIC.UsageFault_IRQn=true\:5\:0\:true\:false\:true\:false\:false
NVIC.DebugMonitor_IRQn=true\:5\:0\:true\:false\:true\:false\:false
PB3.Mode=JTAG_5_pins
PA8.Locked=true
PA4.Locked=true
PA15.Mode=JTAG_5_pins
NVIC.SysTick_IRQn=true\:5\:0\:true\:false\:true\:false\:true
RCC.PLLMUL=RCC_PLL_MUL6
ProjectManager.FirmwarePackage=STM32Cube FW_F1 V1.8.0
MxDb.Version=DB.5.0.60
VP_TIM1_VS_ControllerModeClock.Mode=Clock Mode
PB4.Mode=JTAG_5_pins
ProjectManager.BackupPrevious=false
PC14-OSC32_IN.Mode=LSE-External-Oscillator
PA14.Mode=JTAG_5_pins
File.Version=6
PA10.GPIO_Label=SIMemu VCC
PB8.Locked=true
PA8.Signal=S_TIM1_CH1
NVIC.PendSV_IRQn=true\:5\:0\:true\:false\:true\:false\:false
ProjectManager.HalAssertFull=false
ProjectManager.ProjectName=simemu
USART2.Prescaler=3
RCC.PLLMCOFreq_Value=24000000
Mcu.Package=LQFP48
PB9.Signal=GPIO_Output
PA5.Locked=true
USART2.VirtualMode=VM_SMARTCARD
ProjectManager.ToolChainLocation=
PA2.GPIO_Label=SIM IO
VP_SYS_VS_Systick.Signal=SYS_VS_Systick
USART3.IPParameters=VirtualMode
PA10.Signal=GPIO_Input
PA15.Signal=SYS_JTDI
VP_USB_DEVICE_VS_USB_DEVICE_CDC_FS.Signal=USB_DEVICE_VS_USB_DEVICE_CDC_FS
PA5.GPIOParameters=GPIO_Label
RCC.APB1TimFreq_Value=48000000
NVIC.BusFault_IRQn=true\:5\:0\:true\:false\:true\:false\:false
TIM1.Period=0xffff
NVIC.USART1_IRQn=true\:8\:0\:true\:false\:true\:true\:true
PA4.GPIO_Label=SIM CK
ProjectManager.CustomerFirmwarePackage=
PC14-OSC32_IN.Locked=true
PB15.Locked=true
PB4.Signal=SYS_NJTRST
PA3.Signal=GPIO_Output
PC15-OSC32_OUT.Mode=LSE-External-Oscillator
ProjectManager.ProjectFileName=simemu.ioc
PB8.GPIOParameters=GPIO_Label
USART2.VirtualClockMode=VM_SMARTCARD
PD1-OSC_OUT.Mode=HSE-External-Oscillator
PB9.GPIO_Label=Status LED2
Mcu.PinsNb=30
ProjectManager.NoMain=false
USB_DEVICE.VirtualModeFS=Cdc_FS
PA9.GPIO_Label=SIMemu IO
PC13-TAMPER-RTC.Signal=GPIO_Output
ProjectManager.DefaultFWLocation=true
PD0-OSC_IN.Signal=RCC_OSC_IN
PB12.Locked=true
ProjectManager.DeletePrevious=true
PB14.Locked=true
RCC.APB1CLKDivider=RCC_HCLK_DIV2
PC14-OSC32_IN.Signal=RCC_OSC32_IN
PB10.Locked=true
USB_DEVICE.IPParameters=VirtualMode,VirtualModeFS,CLASS_NAME_FS
NVIC.USART2_IRQn=true\:12\:0\:true\:false\:true\:true\:true
RCC.FamilyName=M
PB9.GPIOParameters=GPIO_Label
TIM1.AutoReloadPreload=TIM_AUTORELOAD_PRELOAD_DISABLE
PA13.Signal=SYS_JTMS-SWDIO
PB8.GPIO_Label=Status LED3
PA9.Mode=SmartCard
PA8.GPIO_Label=SIMemu CK
PC15-OSC32_OUT.Locked=true
SH.S_TIM1_CH1.0=TIM1_CH1,TriggerSource_TI1FP1
PB11.Mode=Asynchronous
ProjectManager.TargetToolchain=Makefile
VP_USB_DEVICE_VS_USB_DEVICE_CDC_FS.Mode=CDC_FS
PA9.Signal=USART1_TX
PB9.Locked=true
PC13-TAMPER-RTC.Locked=true
RCC.USBFreq_Value=48000000
PC15-OSC32_OUT.Signal=RCC_OSC32_OUT
PD0-OSC_IN.Mode=HSE-External-Oscillator
PB10.Signal=USART3_TX
PB14.Signal=USART3_RTS
PA5.Signal=GPIO_Output
PB15.GPIO_ModeDefaultEXTI=GPIO_MODE_IT_RISING_FALLING
board=stm32
ProjectManager.LastFirmware=true
PC13-TAMPER-RTC.GPIO_Label=Status LED1
RCC.VCOOutput2Freq_Value=8000000
RCC.APB2Freq_Value=48000000
MxCube.Version=5.6.0
PB15.GPIO_Label=SIMemu RST
NVIC.USB_LP_CAN1_RX0_IRQn=true\:4\:0\:true\:false\:true\:false\:true
PA10.GPIOParameters=GPIO_Label
VP_SYS_VS_Systick.Mode=SysTick
PA9.Locked=true
NVIC.NonMaskableInt_IRQn=true\:0\:0\:false\:false\:true\:false\:false
PA4.GPIOParameters=GPIO_Label
PB15.GPIOParameters=GPIO_Label,GPIO_ModeDefaultEXTI
PA13.Mode=JTAG_5_pins
ProjectManager.FreePins=false
RCC.IPParameters=ADCFreqValue,AHBFreq_Value,APB1CLKDivider,APB1Freq_Value,APB1TimFreq_Value,APB2Freq_Value,APB2TimFreq_Value,FCLKCortexFreq_Value,FamilyName,HCLKFreq_Value,MCOFreq_Value,PLLCLKFreq_Value,PLLMCOFreq_Value,PLLMUL,SYSCLKFreq_VALUE,SYSCLKSource,TimSysFreq_Value,USBFreq_Value,VCOOutput2Freq_Value
ProjectManager.AskForMigrate=true
Mcu.Name=STM32F103C(8-B)Tx
Mcu.Pin26=PB9
Mcu.Pin27=VP_SYS_VS_Systick
PA2.Signal=USART2_TX
Mcu.Pin24=PB4
ProjectManager.UnderRoot=false
Mcu.Pin25=PB8
Mcu.IP8=USB_DEVICE
Mcu.Pin28=VP_TIM1_VS_ControllerModeClock
Mcu.IP6=USART3
Mcu.Pin29=VP_USB_DEVICE_VS_USB_DEVICE_CDC_FS
Mcu.IP7=USB
ProjectManager.CoupleFile=false
PB3.Signal=SYS_JTDO-TRACESWO
PA4.Signal=USART2_CK
RCC.SYSCLKFreq_VALUE=48000000
Mcu.Pin22=PA15
Mcu.Pin23=PB3
RCC.TimSysFreq_Value=48000000
Mcu.Pin20=PA13
PA3.Locked=true
Mcu.Pin21=PA14
PA12.Mode=Device
PA5.GPIO_Label=SIM VCC
PA10.Locked=true
NVIC.ForceEnableDMAVector=true
KeepUserPlacement=false
USART3.VirtualMode=VM_ASYNC
NVIC.MemoryManagement_IRQn=true\:5\:0\:true\:false\:true\:false\:false
USART1.VirtualMode=VM_SMARTCARD
ProjectManager.CompilerOptimize=2
PA11.Signal=USB_DM
PA14.Signal=SYS_JTCK-SWCLK
ProjectManager.HeapSize=0x200
Mcu.Pin15=PA8
NVIC.HardFault_IRQn=true\:0\:0\:false\:false\:true\:false\:false
Mcu.Pin16=PA9
Mcu.Pin13=PB14
Mcu.Pin14=PB15
Mcu.Pin19=PA12
SH.GPXTI15.ConfNb=1
ProjectManager.ComputerToolchain=false
Mcu.Pin17=PA10
Mcu.Pin18=PA11
NVIC.PriorityGroup=NVIC_PRIORITYGROUP_4
Mcu.Pin11=PB12
SH.GPXTI15.0=GPIO_EXTI15
Mcu.Pin12=PB13
Mcu.Pin10=PB11
PA2.Mode=SmartCard_With_Clock
PB8.Signal=GPIO_Output
RCC.APB1Freq_Value=24000000
USB_DEVICE.VirtualMode=Cdc
PB11.Locked=true
ProjectManager.DeviceId=STM32F103C8Tx
PB12.Signal=USART3_CK
ProjectManager.LibraryCopy=0
PA3.GPIO_Label=SIM RST
